{
  "nodes": {
    "nixpkgs": {
      "locked": {
        "lastModified": 1625339526,
        "narHash": "sha256-X1QROaz6G9+5g+tByffdKmj5LJi3A5IMG+Gf5cvI+jQ=",
        "owner": "nixos",
        "repo": "nixpkgs",
        "rev": "806c01c9f9945dcd63f6daea8f12a787fbb54dd2",
        "type": "github"
      },
      "original": {
        "owner": "nixos",
        "ref": "release-21.05",
        "repo": "nixpkgs",
        "type": "github"
      }
    },
    "root": {
      "inputs": {
        "nixpkgs": "nixpkgs"
      }
    }
  },
  "root": "root",
  "version": 7
}
